// !$*UTF8*$!
{
	archiveVersion = 1;
	classes = {
	};
	objectVersion = 55;
	objects = {

/* Begin PBXBuildFile section */
		30FA7BEF27CBE53E000CB0AC /* HackingWithSwift_100SwiftUIApp.swift in Sources */ = {isa = PBXBuildFile; fileRef = 30FA7BEE27CBE53E000CB0AC /* HackingWithSwift_100SwiftUIApp.swift */; };
		30FA7BF127CBE53E000CB0AC /* ContentView.swift in Sources */ = {isa = PBXBuildFile; fileRef = 30FA7BF027CBE53E000CB0AC /* ContentView.swift */; };
		30FA7BF327CBE53F000CB0AC /* Assets.xcassets in Resources */ = {isa = PBXBuildFile; fileRef = 30FA7BF227CBE53F000CB0AC /* Assets.xcassets */; };
		30FA7BF627CBE53F000CB0AC /* Preview Assets.xcassets in Resources */ = {isa = PBXBuildFile; fileRef = 30FA7BF527CBE53F000CB0AC /* Preview Assets.xcassets */; };
/* End PBXBuildFile section */

/* Begin PBXFileReference section */
		30FA7BEB27CBE53E000CB0AC /* HackingWithSwift-100SwiftUI.app */ = {isa = PBXFileReference; explicitFileType = wrapper.application; includeInIndex = 0; path = "HackingWithSwift-100SwiftUI.app"; sourceTree = BUILT_PRODUCTS_DIR; };
		30FA7BEE27CBE53E000CB0AC /* HackingWithSwift_100SwiftUIApp.swift */ = {isa = PBXFileReference; lastKnownFileType = sourcecode.swift; path = HackingWithSwift_100SwiftUIApp.swift; sourceTree = "<group>"; };
		30FA7BF027CBE53E000CB0AC /* ContentView.swift */ = {isa = PBXFileReference; lastKnownFileType = sourcecode.swift; path = ContentView.swift; sourceTree = "<group>"; };
		30FA7BF227CBE53F000CB0AC /* Assets.xcassets */ = {isa = PBXFileReference; lastKnownFileType = folder.assetcatalog; path = Assets.xcassets; sourceTree = "<group>"; };
		30FA7BF527CBE53F000CB0AC /* Preview Assets.xcassets */ = {isa = PBXFileReference; lastKnownFileType = folder.assetcatalog; path = "Preview Assets.xcassets"; sourceTree = "<group>"; };
		CF40E11127CD99F400F70A98 /* checkpoint_1.playground */ = {isa = PBXFileReference; lastKnownFileType = file.playground; path = checkpoint_1.playground; sourceTree = "<group>"; xcLanguageSpecificationIdentifier = xcode.lang.swift; };
		CF40E11227CD9A0300F70A98 /* checkpoint_2.playground */ = {isa = PBXFileReference; lastKnownFileType = file.playground; path = checkpoint_2.playground; sourceTree = "<group>"; xcLanguageSpecificationIdentifier = xcode.lang.swift; };
		CF40E11327CD9A1900F70A98 /* checkpoint_3.playground */ = {isa = PBXFileReference; lastKnownFileType = file.playground; path = checkpoint_3.playground; sourceTree = "<group>"; xcLanguageSpecificationIdentifier = xcode.lang.swift; };
		CF40E11427CD9A2800F70A98 /* checkpoint_4.playground */ = {isa = PBXFileReference; lastKnownFileType = file.playground; path = checkpoint_4.playground; sourceTree = "<group>"; xcLanguageSpecificationIdentifier = xcode.lang.swift; };
		CF40E11527CD9A3900F70A98 /* checkpoint_5.playground */ = {isa = PBXFileReference; lastKnownFileType = file.playground; path = checkpoint_5.playground; sourceTree = "<group>"; xcLanguageSpecificationIdentifier = xcode.lang.swift; };
		CF40E11627CD9A4500F70A98 /* checkpoint_6.playground */ = {isa = PBXFileReference; lastKnownFileType = file.playground; path = checkpoint_6.playground; sourceTree = "<group>"; xcLanguageSpecificationIdentifier = xcode.lang.swift; };
		CF40E11727CD9A5300F70A98 /* checkpoint_7.playground */ = {isa = PBXFileReference; lastKnownFileType = file.playground; path = checkpoint_7.playground; sourceTree = "<group>"; xcLanguageSpecificationIdentifier = xcode.lang.swift; };
		CF40E11827CEFAF500F70A98 /* checkpoint_8.playground */ = {isa = PBXFileReference; lastKnownFileType = file.playground; path = checkpoint_8.playground; sourceTree = "<group>"; xcLanguageSpecificationIdentifier = xcode.lang.swift; };
		CF40E11927D15AD900F70A98 /* checkpoint_9.playground */ = {isa = PBXFileReference; lastKnownFileType = file.playground; path = checkpoint_9.playground; sourceTree = "<group>"; xcLanguageSpecificationIdentifier = xcode.lang.swift; };
/* End PBXFileReference section */

/* Begin PBXFrameworksBuildPhase section */
		30FA7BE827CBE53E000CB0AC /* Frameworks */ = {
			isa = PBXFrameworksBuildPhase;
			buildActionMask = 2147483647;
			files = (
			);
			runOnlyForDeploymentPostprocessing = 0;
		};
/* End PBXFrameworksBuildPhase section */

/* Begin PBXGroup section */
		30FA7BE227CBE53E000CB0AC = {
			isa = PBXGroup;
			children = (
				30FA7BED27CBE53E000CB0AC /* HackingWithSwift-100SwiftUI */,
				30FA7BEC27CBE53E000CB0AC /* Products */,
			);
			sourceTree = "<group>";
		};
		30FA7BEC27CBE53E000CB0AC /* Products */ = {
			isa = PBXGroup;
			children = (
				30FA7BEB27CBE53E000CB0AC /* HackingWithSwift-100SwiftUI.app */,
			);
			name = Products;
			sourceTree = "<group>";
		};
		30FA7BED27CBE53E000CB0AC /* HackingWithSwift-100SwiftUI */ = {
			isa = PBXGroup;
			children = (
				CF40E10F27CD997E00F70A98 /* Checkpoints */,
				30FA7BEE27CBE53E000CB0AC /* HackingWithSwift_100SwiftUIApp.swift */,
				30FA7BF027CBE53E000CB0AC /* ContentView.swift */,
				30FA7BF227CBE53F000CB0AC /* Assets.xcassets */,
				30FA7BF427CBE53F000CB0AC /* Preview Content */,
			);
			path = "HackingWithSwift-100SwiftUI";
			sourceTree = "<group>";
		};
		30FA7BF427CBE53F000CB0AC /* Preview Content */ = {
			isa = PBXGroup;
			children = (
				30FA7BF527CBE53F000CB0AC /* Preview Assets.xcassets */,
			);
			path = "Preview Content";
			sourceTree = "<group>";
		};
		CF40E10F27CD997E00F70A98 /* Checkpoints */ = {
			isa = PBXGroup;
			children = (
				CF40E11127CD99F400F70A98 /* checkpoint_1.playground */,
				CF40E11227CD9A0300F70A98 /* checkpoint_2.playground */,
				CF40E11327CD9A1900F70A98 /* checkpoint_3.playground */,
				CF40E11427CD9A2800F70A98 /* checkpoint_4.playground */,
				CF40E11527CD9A3900F70A98 /* checkpoint_5.playground */,
				CF40E11627CD9A4500F70A98 /* checkpoint_6.playground */,
				CF40E11727CD9A5300F70A98 /* checkpoint_7.playground */,
				CF40E11827CEFAF500F70A98 /* checkpoint_8.playground */,
				CF40E11927D15AD900F70A98 /* checkpoint_9.playground */,
			);
			path = Checkpoints;
			sourceTree = "<group>";
		};
/* End PBXGroup section */

/* Begin PBXNativeTarget section */
		30FA7BEA27CBE53E000CB0AC /* HackingWithSwift-100SwiftUI */ = {
			isa = PBXNativeTarget;
			buildConfigurationList = 30FA7BF927CBE53F000CB0AC /* Build configuration list for PBXNativeTarget "HackingWithSwift-100SwiftUI" */;
			buildPhases = (
				30FA7BE727CBE53E000CB0AC /* Sources */,
				30FA7BE827CBE53E000CB0AC /* Frameworks */,
				30FA7BE927CBE53E000CB0AC /* Resources */,
			);
			buildRules = (
			);
			dependencies = (
			);
			name = "HackingWithSwift-100SwiftUI";
			productName = "HackingWithSwift-100SwiftUI";
			productReference = 30FA7BEB27CBE53E000CB0AC /* HackingWithSwift-100SwiftUI.app */;
			productType = "com.apple.product-type.application";
		};
/* End PBXNativeTarget section */

/* Begin PBXProject section */
		30FA7BE327CBE53E000CB0AC /* Project object */ = {
			isa = PBXProject;
			attributes = {
				BuildIndependentTargetsInParallel = 1;
				LastSwiftUpdateCheck = 1320;
				LastUpgradeCheck = 1320;
				TargetAttributes = {
					30FA7BEA27CBE53E000CB0AC = {
						CreatedOnToolsVersion = 13.2.1;
					};
				};
			};
			buildConfigurationList = 30FA7BE627CBE53E000CB0AC /* Build configuration list for PBXProject "HackingWithSwift-100SwiftUI" */;
			compatibilityVersion = "Xcode 13.0";
			developmentRegion = en;
			hasScannedForEncodings = 0;
			knownRegions = (
				en,
				Base,
			);
			mainGroup = 30FA7BE227CBE53E000CB0AC;
			productRefGroup = 30FA7BEC27CBE53E000CB0AC /* Products */;
			projectDirPath = "";
			projectRoot = "";
			targets = (
				30FA7BEA27CBE53E000CB0AC /* HackingWithSwift-100SwiftUI */,
			);
		};
/* End PBXProject section */

/* Begin PBXResourcesBuildPhase section */
		30FA7BE927CBE53E000CB0AC /* Resources */ = {
			isa = PBXResourcesBuildPhase;
			buildActionMask = 2147483647;
			files = (
				30FA7BF627CBE53F000CB0AC /* Preview Assets.xcassets in Resources */,
				30FA7BF327CBE53F000CB0AC /* Assets.xcassets in Resources */,
			);
			runOnlyForDeploymentPostprocessing = 0;
		};
/* End PBXResourcesBuildPhase section */

/* Begin PBXSourcesBuildPhase section */
		30FA7BE727CBE53E000CB0AC /* Sources */ = {
			isa = PBXSourcesBuildPhase;
			buildActionMask = 2147483647;
			files = (
				30FA7BF127CBE53E000CB0AC /* ContentView.swift in Sources */,
				30FA7BEF27CBE53E000CB0AC /* HackingWithSwift_100SwiftUIApp.swift in Sources */,
			);
			runOnlyForDeploymentPostprocessing = 0;
		};
/* End PBXSourcesBuildPhase section */

/* Begin XCBuildConfiguration section */
		30FA7BF727CBE53F000CB0AC /* Debug */ = {
			isa = XCBuildConfiguration;
			buildSettings = {
				ALWAYS_SEARCH_USER_PATHS = NO;
				CLANG_ANALYZER_NONNULL = YES;
				CLANG_ANALYZER_NUMBER_OBJECT_CONVERSION = YES_AGGRESSIVE;
				CLANG_CXX_LANGUAGE_STANDARD = "gnu++17";
				CLANG_CXX_LIBRARY = "libc++";
				CLANG_ENABLE_MODULES = YES;
				CLANG_ENABLE_OBJC_ARC = YES;
				CLANG_ENABLE_OBJC_WEAK = YES;
				CLANG_WARN_BLOCK_CAPTURE_AUTORELEASING = YES;
				CLANG_WARN_BOOL_CONVERSION = YES;
				CLANG_WARN_COMMA = YES;
				CLANG_WARN_CONSTANT_CONVERSION = YES;
				CLANG_WARN_DEPRECATED_OBJC_IMPLEMENTATIONS = YES;
				CLANG_WARN_DIRECT_OBJC_ISA_USAGE = YES_ERROR;
				CLANG_WARN_DOCUMENTATION_COMMENTS = YES;
				CLANG_WARN_EMPTY_BODY = YES;
				CLANG_WARN_ENUM_CONVERSION = YES;
				CLANG_WARN_INFINITE_RECURSION = YES;
				CLANG_WARN_INT_CONVERSION = YES;
				CLANG_WARN_NON_LITERAL_NULL_CONVERSION = YES;
				CLANG_WARN_OBJC_IMPLICIT_RETAIN_SELF = YES;
				CLANG_WARN_OBJC_LITERAL_CONVERSION = YES;
				CLANG_WARN_OBJC_ROOT_CLASS = YES_ERROR;
				CLANG_WARN_QUOTED_INCLUDE_IN_FRAMEWORK_HEADER = YES;
				CLANG_WARN_RANGE_LOOP_ANALYSIS = YES;
				CLANG_WARN_STRICT_PROTOTYPES = YES;
				CLANG_WARN_SUSPICIOUS_MOVE = YES;
				CLANG_WARN_UNGUARDED_AVAILABILITY = YES_AGGRESSIVE;
				CLANG_WARN_UNREACHABLE_CODE = YES;
				CLANG_WARN__DUPLICATE_METHOD_MATCH = YES;
				COPY_PHASE_STRIP = NO;
				DEBUG_INFORMATION_FORMAT = dwarf;
				ENABLE_STRICT_OBJC_MSGSEND = YES;
				ENABLE_TESTABILITY = YES;
				GCC_C_LANGUAGE_STANDARD = gnu11;
				GCC_DYNAMIC_NO_PIC = NO;
				GCC_NO_COMMON_BLOCKS = YES;
				GCC_OPTIMIZATION_LEVEL = 0;
				GCC_PREPROCESSOR_DEFINITIONS = (
					"DEBUG=1",
					"$(inherited)",
				);
				GCC_WARN_64_TO_32_BIT_CONVERSION = YES;
				GCC_WARN_ABOUT_RETURN_TYPE = YES_ERROR;
				GCC_WARN_UNDECLARED_SELECTOR = YES;
				GCC_WARN_UNINITIALIZED_AUTOS = YES_AGGRESSIVE;
				GCC_WARN_UNUSED_FUNCTION = YES;
				GCC_WARN_UNUSED_VARIABLE = YES;
				IPHONEOS_DEPLOYMENT_TARGET = 15.2;
				MTL_ENABLE_DEBUG_INFO = INCLUDE_SOURCE;
				MTL_FAST_MATH = YES;
				ONLY_ACTIVE_ARCH = YES;
				SDKROOT = iphoneos;
				SWIFT_ACTIVE_COMPILATION_CONDITIONS = DEBUG;
				SWIFT_OPTIMIZATION_LEVEL = "-Onone";
			};
			name = Debug;
		};
		30FA7BF827CBE53F000CB0AC /* Release */ = {
			isa = XCBuildConfiguration;
			buildSettings = {
				ALWAYS_SEARCH_USER_PATHS = NO;
				CLANG_ANALYZER_NONNULL = YES;
				CLANG_ANALYZER_NUMBER_OBJECT_CONVERSION = YES_AGGRESSIVE;
				CLANG_CXX_LANGUAGE_STANDARD = "gnu++17";
				CLANG_CXX_LIBRARY = "libc++";
				CLANG_ENABLE_MODULES = YES;
				CLANG_ENABLE_OBJC_ARC = YES;
				CLANG_ENABLE_OBJC_WEAK = YES;
				CLANG_WARN_BLOCK_CAPTURE_AUTORELEASING = YES;
				CLANG_WARN_BOOL_CONVERSION = YES;
				CLANG_WARN_COMMA = YES;
				CLANG_WARN_CONSTANT_CONVERSION = YES;
				CLANG_WARN_DEPRECATED_OBJC_IMPLEMENTATIONS = YES;
				CLANG_WARN_DIRECT_OBJC_ISA_USAGE = YES_ERROR;
				CLANG_WARN_DOCUMENTATION_COMMENTS = YES;
				CLANG_WARN_EMPTY_BODY = YES;
				CLANG_WARN_ENUM_CONVERSION = YES;
				CLANG_WARN_INFINITE_RECURSION = YES;
				CLANG_WARN_INT_CONVERSION = YES;
				CLANG_WARN_NON_LITERAL_NULL_CONVERSION = YES;
				CLANG_WARN_OBJC_IMPLICIT_RETAIN_SELF = YES;
				CLANG_WARN_OBJC_LITERAL_CONVERSION = YES;
				CLANG_WARN_OBJC_ROOT_CLASS = YES_ERROR;
				CLANG_WARN_QUOTED_INCLUDE_IN_FRAMEWORK_HEADER = YES;
				CLANG_WARN_RANGE_LOOP_ANALYSIS = YES;
				CLANG_WARN_STRICT_PROTOTYPES = YES;
				CLANG_WARN_SUSPICIOUS_MOVE = YES;
				CLANG_WARN_UNGUARDED_AVAILABILITY = YES_AGGRESSIVE;
				CLANG_WARN_UNREACHABLE_CODE = YES;
				CLANG_WARN__DUPLICATE_METHOD_MATCH = YES;
				COPY_PHASE_STRIP = NO;
				DEBUG_INFORMATION_FORMAT = "dwarf-with-dsym";
				ENABLE_NS_ASSERTIONS = NO;
				ENABLE_STRICT_OBJC_MSGSEND = YES;
				GCC_C_LANGUAGE_STANDARD = gnu11;
				GCC_NO_COMMON_BLOCKS = YES;
				GCC_WARN_64_TO_32_BIT_CONVERSION = YES;
				GCC_WARN_ABOUT_RETURN_TYPE = YES_ERROR;
				GCC_WARN_UNDECLARED_SELECTOR = YES;
				GCC_WARN_UNINITIALIZED_AUTOS = YES_AGGRESSIVE;
				GCC_WARN_UNUSED_FUNCTION = YES;
				GCC_WARN_UNUSED_VARIABLE = YES;
				IPHONEOS_DEPLOYMENT_TARGET = 15.2;
				MTL_ENABLE_DEBUG_INFO = NO;
				MTL_FAST_MATH = YES;
				SDKROOT = iphoneos;
				SWIFT_COMPILATION_MODE = wholemodule;
				SWIFT_OPTIMIZATION_LEVEL = "-O";
				VALIDATE_PRODUCT = YES;
			};
			name = Release;
		};
		30FA7BFA27CBE53F000CB0AC /* Debug */ = {
			isa = XCBuildConfiguration;
			buildSettings = {
				ASSETCATALOG_COMPILER_APPICON_NAME = AppIcon;
				ASSETCATALOG_COMPILER_GLOBAL_ACCENT_COLOR_NAME = AccentColor;
				CODE_SIGN_STYLE = Automatic;
				CURRENT_PROJECT_VERSION = 1;
				DEVELOPMENT_ASSET_PATHS = "\"HackingWithSwift-100SwiftUI/Preview Content\"";
				DEVELOPMENT_TEAM = Y9WNGWP3CA;
				ENABLE_PREVIEWS = YES;
				GENERATE_INFOPLIST_FILE = YES;
				INFOPLIST_KEY_UIApplicationSceneManifest_Generation = YES;
				INFOPLIST_KEY_UIApplicationSupportsIndirectInputEvents = YES;
				INFOPLIST_KEY_UILaunchScreen_Generation = YES;
				INFOPLIST_KEY_UISupportedInterfaceOrientations_iPad = "UIInterfaceOrientationPortrait UIInterfaceOrientationPortraitUpsideDown UIInterfaceOrientationLandscapeLeft UIInterfaceOrientationLandscapeRight";
				INFOPLIST_KEY_UISupportedInterfaceOrientations_iPhone = "UIInterfaceOrientationPortrait UIInterfaceOrientationLandscapeLeft UIInterfaceOrientationLandscapeRight";
				LD_RUNPATH_SEARCH_PATHS = (
					"$(inherited)",
					"@executable_path/Frameworks",
				);
				MARKETING_VERSION = 1.0;
				PRODUCT_BUNDLE_IDENTIFIER = "edu.byu.mrog110.HackingWithSwift-100SwiftUI";
				PRODUCT_NAME = "$(TARGET_NAME)";
				SWIFT_EMIT_LOC_STRINGS = YES;
				SWIFT_VERSION = 5.0;
				TARGETED_DEVICE_FAMILY = "1,2";
			};
			name = Debug;
		};
		30FA7BFB27CBE53F000CB0AC /* Release */ = {
			isa = XCBuildConfiguration;
			buildSettings = {
				ASSETCATALOG_COMPILER_APPICON_NAME = AppIcon;
				ASSETCATALOG_COMPILER_GLOBAL_ACCENT_COLOR_NAME = AccentColor;
				CODE_SIGN_STYLE = Automatic;
				CURRENT_PROJECT_VERSION = 1;
				DEVELOPMENT_ASSET_PATHS = "\"HackingWithSwift-100SwiftUI/Preview Content\"";
				DEVELOPMENT_TEAM = Y9WNGWP3CA;
				ENABLE_PREVIEWS = YES;
				GENERATE_INFOPLIST_FILE = YES;
				INFOPLIST_KEY_UIApplicationSceneManifest_Generation = YES;
				INFOPLIST_KEY_UIApplicationSupportsIndirectInputEvents = YES;
				INFOPLIST_KEY_UILaunchScreen_Generation = YES;
				INFOPLIST_KEY_UISupportedInterfaceOrientations_iPad = "UIInterfaceOrientationPortrait UIInterfaceOrientationPortraitUpsideDown UIInterfaceOrientationLandscapeLeft UIInterfaceOrientationLandscapeRight";
				INFOPLIST_KEY_UISupportedInterfaceOrientations_iPhone = "UIInterfaceOrientationPortrait UIInterfaceOrientationLandscapeLeft UIInterfaceOrientationLandscapeRight";
				LD_RUNPATH_SEARCH_PATHS = (
					"$(inherited)",
					"@executable_path/Frameworks",
				);
				MARKETING_VERSION = 1.0;
				PRODUCT_BUNDLE_IDENTIFIER = "edu.byu.mrog110.HackingWithSwift-100SwiftUI";
				PRODUCT_NAME = "$(TARGET_NAME)";
				SWIFT_EMIT_LOC_STRINGS = YES;
				SWIFT_VERSION = 5.0;
				TARGETED_DEVICE_FAMILY = "1,2";
			};
			name = Release;
		};
/* End XCBuildConfiguration section */

/* Begin XCConfigurationList section */
		30FA7BE627CBE53E000CB0AC /* Build configuration list for PBXProject "HackingWithSwift-100SwiftUI" */ = {
			isa = XCConfigurationList;
			buildConfigurations = (
				30FA7BF727CBE53F000CB0AC /* Debug */,
				30FA7BF827CBE53F000CB0AC /* Release */,
			);
			defaultConfigurationIsVisible = 0;
			defaultConfigurationName = Release;
		};
		30FA7BF927CBE53F000CB0AC /* Build configuration list for PBXNativeTarget "HackingWithSwift-100SwiftUI" */ = {
			isa = XCConfigurationList;
			buildConfigurations = (
				30FA7BFA27CBE53F000CB0AC /* Debug */,
				30FA7BFB27CBE53F000CB0AC /* Release */,
			);
			defaultConfigurationIsVisible = 0;
			defaultConfigurationName = Release;
		};
/* End XCConfigurationList section */
	};
	rootObject = 30FA7BE327CBE53E000CB0AC /* Project object */;
}
